
Microsoft Visual Studio Solution File, Format Version 12.00
# Visual Studio 14
VisualStudioVersion = 14.0.25420.1
MinimumVisualStudioVersion = 10.0.40219.1
Project("{FAE04EC0-301F-11D3-BF4B-00C04F79EFBC}") = "02ParseUrls", "02ParseUrls\02ParseUrls.csproj", "{642359EE-BE56-4FD6-B132-85426B7C27C5}"
EndProject
Project("{FAE04EC0-301F-11D3-BF4B-00C04F79EFBC}") = "03ParseTags", "03ParseTags\03ParseTags.csproj", "{7F375B4C-7F55-40D2-8007-15F510E3A872}"
EndProject
Project("{FAE04EC0-301F-11D3-BF4B-00C04F79EFBC}") = "01StudentsResults", "01StudentsResults\01StudentsResults.csproj", "{6C0E160D-8429-47BF-A8DD-A3E8FE9D46C2}"
EndProject
Project("{FAE04EC0-301F-11D3-BF4B-00C04F79EFBC}") = "05ConcatenateStrings", "05ConcatenateStrings\05ConcatenateStrings.csproj", "{798F0728-270C-42B0-A119-7F736E0D4A6A}"
EndProject
Project("{FAE04EC0-301F-11D3-BF4B-00C04F79EFBC}") = "04SpecialWords", "04SpecialWords\04SpecialWords.csproj", "{697B5AA4-1CDD-4E82-94A2-9CF33057CE1D}"
EndProject
Global
	GlobalSection(SolutionConfigurationPlatforms) = preSolution
		Debug|Any CPU = Debug|Any CPU
		Release|Any CPU = Release|Any CPU
	EndGlobalSection
	GlobalSection(ProjectConfigurationPlatforms) = postSolution
		{642359EE-BE56-4FD6-B132-85426B7C27C5}.Debug|Any CPU.ActiveCfg = Debug|Any CPU
		{642359EE-BE56-4FD6-B132-85426B7C27C5}.Debug|Any CPU.Build.0 = Debug|Any CPU
		{642359EE-BE56-4FD6-B132-85426B7C27C5}.Release|Any CPU.ActiveCfg = Release|Any CPU
		{642359EE-BE56-4FD6-B132-85426B7C27C5}.Release|Any CPU.Build.0 = Release|Any CPU
		{7F375B4C-7F55-40D2-8007-15F510E3A872}.Debug|Any CPU.ActiveCfg = Debug|Any CPU
		{7F375B4C-7F55-40D2-8007-15F510E3A872}.Debug|Any CPU.Build.0 = Debug|Any CPU
		{7F375B4C-7F55-40D2-8007-15F510E3A872}.Release|Any CPU.ActiveCfg = Release|Any CPU
		{7F375B4C-7F55-40D2-8007-15F510E3A872}.Release|Any CPU.Build.0 = Release|Any CPU
		{6C0E160D-8429-47BF-A8DD-A3E8FE9D46C2}.Debug|Any CPU.ActiveCfg = Debug|Any CPU
		{6C0E160D-8429-47BF-A8DD-A3E8FE9D46C2}.Debug|Any CPU.Build.0 = Debug|Any CPU
		{6C0E160D-8429-47BF-A8DD-A3E8FE9D46C2}.Release|Any CPU.ActiveCfg = Release|Any CPU
		{6C0E160D-8429-47BF-A8DD-A3E8FE9D46C2}.Release|Any CPU.Build.0 = Release|Any CPU
		{798F0728-270C-42B0-A119-7F736E0D4A6A}.Debug|Any CPU.ActiveCfg = Debug|Any CPU
		{798F0728-270C-42B0-A119-7F736E0D4A6A}.Debug|Any CPU.Build.0 = Debug|Any CPU
		{798F0728-270C-42B0-A119-7F736E0D4A6A}.Release|Any CPU.ActiveCfg = Release|Any CPU
		{798F0728-270C-42B0-A119-7F736E0D4A6A}.Release|Any CPU.Build.0 = Release|Any CPU
		{697B5AA4-1CDD-4E82-94A2-9CF33057CE1D}.Debug|Any CPU.ActiveCfg = Debug|Any CPU
		{697B5AA4-1CDD-4E82-94A2-9CF33057CE1D}.Debug|Any CPU.Build.0 = Debug|Any CPU
		{697B5AA4-1CDD-4E82-94A2-9CF33057CE1D}.Release|Any CPU.ActiveCfg = Release|Any CPU
		{697B5AA4-1CDD-4E82-94A2-9CF33057CE1D}.Release|Any CPU.Build.0 = Release|Any CPU
	EndGlobalSection
	GlobalSection(SolutionProperties) = preSolution
		HideSolutionNode = FALSE
	EndGlobalSection
EndGlobal
