
Microsoft Visual Studio Solution File, Format Version 12.00
# Visual Studio 14
VisualStudioVersion = 14.0.25420.1
MinimumVisualStudioVersion = 10.0.40219.1
Project("{FAE04EC0-301F-11D3-BF4B-00C04F79EFBC}") = "01ReverseStrings", "01ReverseStrings\01ReverseStrings.csproj", "{3D9BBA0C-EA0F-4407-AE93-68AA64B1D4DD}"
EndProject
Project("{FAE04EC0-301F-11D3-BF4B-00C04F79EFBC}") = "02SimpleCalculator", "02SimpleCalculator\02SimpleCalculator.csproj", "{0B24FC54-C219-4E41-8FBB-000A3A8575F5}"
EndProject
Project("{FAE04EC0-301F-11D3-BF4B-00C04F79EFBC}") = "03DecimalToBinaryConverter", "03DecimalToBinaryConverter\03DecimalToBinaryConverter.csproj", "{0CB65C54-612C-4A0E-91A7-4A7A32824F12}"
EndProject
Project("{FAE04EC0-301F-11D3-BF4B-00C04F79EFBC}") = "04MatchingBrackets", "04MatchingBrackets\04MatchingBrackets.csproj", "{3EEA4BD2-80EA-4258-AE3E-9190A22A8A6F}"
EndProject
Project("{FAE04EC0-301F-11D3-BF4B-00C04F79EFBC}") = "05HotPotato", "05HotPotato\05HotPotato.csproj", "{E643FF80-18B8-45E4-98BD-9F413D818188}"
EndProject
Project("{FAE04EC0-301F-11D3-BF4B-00C04F79EFBC}") = "06MathPotato", "06MathPotato\06MathPotato.csproj", "{087B0F8B-63FE-4CB6-AFB2-77E86B396562}"
EndProject
Global
	GlobalSection(SolutionConfigurationPlatforms) = preSolution
		Debug|Any CPU = Debug|Any CPU
		Release|Any CPU = Release|Any CPU
	EndGlobalSection
	GlobalSection(ProjectConfigurationPlatforms) = postSolution
		{3D9BBA0C-EA0F-4407-AE93-68AA64B1D4DD}.Debug|Any CPU.ActiveCfg = Debug|Any CPU
		{3D9BBA0C-EA0F-4407-AE93-68AA64B1D4DD}.Debug|Any CPU.Build.0 = Debug|Any CPU
		{3D9BBA0C-EA0F-4407-AE93-68AA64B1D4DD}.Release|Any CPU.ActiveCfg = Release|Any CPU
		{3D9BBA0C-EA0F-4407-AE93-68AA64B1D4DD}.Release|Any CPU.Build.0 = Release|Any CPU
		{0B24FC54-C219-4E41-8FBB-000A3A8575F5}.Debug|Any CPU.ActiveCfg = Debug|Any CPU
		{0B24FC54-C219-4E41-8FBB-000A3A8575F5}.Debug|Any CPU.Build.0 = Debug|Any CPU
		{0B24FC54-C219-4E41-8FBB-000A3A8575F5}.Release|Any CPU.ActiveCfg = Release|Any CPU
		{0B24FC54-C219-4E41-8FBB-000A3A8575F5}.Release|Any CPU.Build.0 = Release|Any CPU
		{0CB65C54-612C-4A0E-91A7-4A7A32824F12}.Debug|Any CPU.ActiveCfg = Debug|Any CPU
		{0CB65C54-612C-4A0E-91A7-4A7A32824F12}.Debug|Any CPU.Build.0 = Debug|Any CPU
		{0CB65C54-612C-4A0E-91A7-4A7A32824F12}.Release|Any CPU.ActiveCfg = Release|Any CPU
		{0CB65C54-612C-4A0E-91A7-4A7A32824F12}.Release|Any CPU.Build.0 = Release|Any CPU
		{3EEA4BD2-80EA-4258-AE3E-9190A22A8A6F}.Debug|Any CPU.ActiveCfg = Debug|Any CPU
		{3EEA4BD2-80EA-4258-AE3E-9190A22A8A6F}.Debug|Any CPU.Build.0 = Debug|Any CPU
		{3EEA4BD2-80EA-4258-AE3E-9190A22A8A6F}.Release|Any CPU.ActiveCfg = Release|Any CPU
		{3EEA4BD2-80EA-4258-AE3E-9190A22A8A6F}.Release|Any CPU.Build.0 = Release|Any CPU
		{E643FF80-18B8-45E4-98BD-9F413D818188}.Debug|Any CPU.ActiveCfg = Debug|Any CPU
		{E643FF80-18B8-45E4-98BD-9F413D818188}.Debug|Any CPU.Build.0 = Debug|Any CPU
		{E643FF80-18B8-45E4-98BD-9F413D818188}.Release|Any CPU.ActiveCfg = Release|Any CPU
		{E643FF80-18B8-45E4-98BD-9F413D818188}.Release|Any CPU.Build.0 = Release|Any CPU
		{087B0F8B-63FE-4CB6-AFB2-77E86B396562}.Debug|Any CPU.ActiveCfg = Debug|Any CPU
		{087B0F8B-63FE-4CB6-AFB2-77E86B396562}.Debug|Any CPU.Build.0 = Debug|Any CPU
		{087B0F8B-63FE-4CB6-AFB2-77E86B396562}.Release|Any CPU.ActiveCfg = Release|Any CPU
		{087B0F8B-63FE-4CB6-AFB2-77E86B396562}.Release|Any CPU.Build.0 = Release|Any CPU
	EndGlobalSection
	GlobalSection(SolutionProperties) = preSolution
		HideSolutionNode = FALSE
	EndGlobalSection
EndGlobal
