
Microsoft Visual Studio Solution File, Format Version 12.00
# Visual Studio 14
VisualStudioVersion = 14.0.25420.1
MinimumVisualStudioVersion = 10.0.40219.1
Project("{FAE04EC0-301F-11D3-BF4B-00C04F79EFBC}") = "01JediMeditation", "01JediMeditation\01JediMeditation.csproj", "{C1F796EA-1461-4842-9BA0-C1F45AADD95E}"
EndProject
Project("{FAE04EC0-301F-11D3-BF4B-00C04F79EFBC}") = "test", "test\test.csproj", "{A76329EB-4584-40C9-BD50-6E2750E7B9A9}"
EndProject
Project("{FAE04EC0-301F-11D3-BF4B-00C04F79EFBC}") = "02JediGalaxy", "02JediGalaxy\02JediGalaxy.csproj", "{E434A13F-8C30-449E-A26E-0BA80EEC24B0}"
EndProject
Project("{FAE04EC0-301F-11D3-BF4B-00C04F79EFBC}") = "03JediCodeX", "03JediCodeX\03JediCodeX.csproj", "{3A4ED59A-9BB1-4F88-A976-8A6DE3657893}"
EndProject
Project("{FAE04EC0-301F-11D3-BF4B-00C04F79EFBC}") = "04JediDreams", "04JediDreams\04JediDreams.csproj", "{44E92284-A973-47EB-B537-FA2B21C98A99}"
EndProject
Project("{FAE04EC0-301F-11D3-BF4B-00C04F79EFBC}") = "testJediCodeX", "testJediCodeX\testJediCodeX.csproj", "{27CCFE08-DDF3-478A-8346-AEFE9EFE1A2D}"
EndProject
Project("{FAE04EC0-301F-11D3-BF4B-00C04F79EFBC}") = "03JediCodeXExercise", "03JediCodeXExercise\03JediCodeXExercise.csproj", "{3D97D5F4-7F1E-44E7-8FBA-1E0B3A30557C}"
EndProject
Project("{FAE04EC0-301F-11D3-BF4B-00C04F79EFBC}") = "04JediDreamsExercise", "04JediDreamsExercise\04JediDreamsExercise.csproj", "{6BCA6BA8-EFE2-4EBF-9877-3D3CF1E41A01}"
EndProject
Global
	GlobalSection(SolutionConfigurationPlatforms) = preSolution
		Debug|Any CPU = Debug|Any CPU
		Release|Any CPU = Release|Any CPU
	EndGlobalSection
	GlobalSection(ProjectConfigurationPlatforms) = postSolution
		{C1F796EA-1461-4842-9BA0-C1F45AADD95E}.Debug|Any CPU.ActiveCfg = Debug|Any CPU
		{C1F796EA-1461-4842-9BA0-C1F45AADD95E}.Debug|Any CPU.Build.0 = Debug|Any CPU
		{C1F796EA-1461-4842-9BA0-C1F45AADD95E}.Release|Any CPU.ActiveCfg = Release|Any CPU
		{C1F796EA-1461-4842-9BA0-C1F45AADD95E}.Release|Any CPU.Build.0 = Release|Any CPU
		{A76329EB-4584-40C9-BD50-6E2750E7B9A9}.Debug|Any CPU.ActiveCfg = Debug|Any CPU
		{A76329EB-4584-40C9-BD50-6E2750E7B9A9}.Debug|Any CPU.Build.0 = Debug|Any CPU
		{A76329EB-4584-40C9-BD50-6E2750E7B9A9}.Release|Any CPU.ActiveCfg = Release|Any CPU
		{A76329EB-4584-40C9-BD50-6E2750E7B9A9}.Release|Any CPU.Build.0 = Release|Any CPU
		{E434A13F-8C30-449E-A26E-0BA80EEC24B0}.Debug|Any CPU.ActiveCfg = Debug|Any CPU
		{E434A13F-8C30-449E-A26E-0BA80EEC24B0}.Debug|Any CPU.Build.0 = Debug|Any CPU
		{E434A13F-8C30-449E-A26E-0BA80EEC24B0}.Release|Any CPU.ActiveCfg = Release|Any CPU
		{E434A13F-8C30-449E-A26E-0BA80EEC24B0}.Release|Any CPU.Build.0 = Release|Any CPU
		{3A4ED59A-9BB1-4F88-A976-8A6DE3657893}.Debug|Any CPU.ActiveCfg = Debug|Any CPU
		{3A4ED59A-9BB1-4F88-A976-8A6DE3657893}.Debug|Any CPU.Build.0 = Debug|Any CPU
		{3A4ED59A-9BB1-4F88-A976-8A6DE3657893}.Release|Any CPU.ActiveCfg = Release|Any CPU
		{3A4ED59A-9BB1-4F88-A976-8A6DE3657893}.Release|Any CPU.Build.0 = Release|Any CPU
		{44E92284-A973-47EB-B537-FA2B21C98A99}.Debug|Any CPU.ActiveCfg = Debug|Any CPU
		{44E92284-A973-47EB-B537-FA2B21C98A99}.Debug|Any CPU.Build.0 = Debug|Any CPU
		{44E92284-A973-47EB-B537-FA2B21C98A99}.Release|Any CPU.ActiveCfg = Release|Any CPU
		{44E92284-A973-47EB-B537-FA2B21C98A99}.Release|Any CPU.Build.0 = Release|Any CPU
		{27CCFE08-DDF3-478A-8346-AEFE9EFE1A2D}.Debug|Any CPU.ActiveCfg = Debug|Any CPU
		{27CCFE08-DDF3-478A-8346-AEFE9EFE1A2D}.Debug|Any CPU.Build.0 = Debug|Any CPU
		{27CCFE08-DDF3-478A-8346-AEFE9EFE1A2D}.Release|Any CPU.ActiveCfg = Release|Any CPU
		{27CCFE08-DDF3-478A-8346-AEFE9EFE1A2D}.Release|Any CPU.Build.0 = Release|Any CPU
		{3D97D5F4-7F1E-44E7-8FBA-1E0B3A30557C}.Debug|Any CPU.ActiveCfg = Debug|Any CPU
		{3D97D5F4-7F1E-44E7-8FBA-1E0B3A30557C}.Debug|Any CPU.Build.0 = Debug|Any CPU
		{3D97D5F4-7F1E-44E7-8FBA-1E0B3A30557C}.Release|Any CPU.ActiveCfg = Release|Any CPU
		{3D97D5F4-7F1E-44E7-8FBA-1E0B3A30557C}.Release|Any CPU.Build.0 = Release|Any CPU
		{6BCA6BA8-EFE2-4EBF-9877-3D3CF1E41A01}.Debug|Any CPU.ActiveCfg = Debug|Any CPU
		{6BCA6BA8-EFE2-4EBF-9877-3D3CF1E41A01}.Debug|Any CPU.Build.0 = Debug|Any CPU
		{6BCA6BA8-EFE2-4EBF-9877-3D3CF1E41A01}.Release|Any CPU.ActiveCfg = Release|Any CPU
		{6BCA6BA8-EFE2-4EBF-9877-3D3CF1E41A01}.Release|Any CPU.Build.0 = Release|Any CPU
	EndGlobalSection
	GlobalSection(SolutionProperties) = preSolution
		HideSolutionNode = FALSE
	EndGlobalSection
EndGlobal
